
Microsoft Visual Studio Solution File, Format Version 12.00
# Visual Studio Version 17
VisualStudioVersion = 17.10.35122.118
MinimumVisualStudioVersion = 10.0.40219.1
Project("{9A19103F-16F7-4668-BE54-9A1E7A4F7556}") = "TextTools", "TextTools.csproj", "{46578712-D09C-46CD-99C7-D546D5103E54}"
EndProject
Global
	GlobalSection(SolutionConfigurationPlatforms) = preSolution
		Debug|Any CPU = Debug|Any CPU
		Release|Any CPU = Release|Any CPU
	EndGlobalSection
	GlobalSection(ProjectConfigurationPlatforms) = postSolution
		{46578712-D09C-46CD-99C7-D546D5103E54}.Debug|Any CPU.ActiveCfg = Debug|Any CPU
		{46578712-D09C-46CD-99C7-D546D5103E54}.Debug|Any CPU.Build.0 = Debug|Any CPU
		{46578712-D09C-46CD-99C7-D546D5103E54}.Release|Any CPU.ActiveCfg = Release|Any CPU
		{46578712-D09C-46CD-99C7-D546D5103E54}.Release|Any CPU.Build.0 = Release|Any CPU
	EndGlobalSection
	GlobalSection(SolutionProperties) = preSolution
		HideSolutionNode = FALSE
	EndGlobalSection
	GlobalSection(ExtensibilityGlobals) = postSolution
		SolutionGuid = {12B3C9C1-B83D-4AB5-B1C4-123FB675AD33}
	EndGlobalSection
EndGlobal
